
Microsoft Visual Studio Solution File, Format Version 12.00
# Visual Studio 15
VisualStudioVersion = 15.0.28307.489
MinimumVisualStudioVersion = 10.0.40219.1
Project("{D2ABAB84-BF74-430A-B69E-9DC6D40DDA17}") = "Utilant_FoodInspection", "Utilant_FoodInspection\Utilant_FoodInspection.dwproj", "{578B0177-966F-40F8-BE77-8192E0E5DB52}"
EndProject
Global
	GlobalSection(SolutionConfigurationPlatforms) = preSolution
		Development|Default = Development|Default
	EndGlobalSection
	GlobalSection(ProjectConfigurationPlatforms) = postSolution
		{578B0177-966F-40F8-BE77-8192E0E5DB52}.Development|Default.ActiveCfg = Development
		{578B0177-966F-40F8-BE77-8192E0E5DB52}.Development|Default.Build.0 = Development
		{578B0177-966F-40F8-BE77-8192E0E5DB52}.Development|Default.Deploy.0 = Development
	EndGlobalSection
	GlobalSection(SolutionProperties) = preSolution
		HideSolutionNode = FALSE
	EndGlobalSection
	GlobalSection(ExtensibilityGlobals) = postSolution
		SolutionGuid = {52980FC3-1E4F-47B7-A078-BE6C5715F105}
	EndGlobalSection
EndGlobal
